
Microsoft Visual Studio Solution File, Format Version 12.00
# Visual Studio 15
VisualStudioVersion = 15.0.28307.168
MinimumVisualStudioVersion = 10.0.40219.1
Project("{FAE04EC0-301F-11D3-BF4B-00C04F79EFBC}") = "views", "views\views.csproj", "{83DB07A6-72FE-4300-94C7-2569F82CBD05}"
EndProject
Project("{FAE04EC0-301F-11D3-BF4B-00C04F79EFBC}") = "models", "ClassLibrary1\models.csproj", "{0603A09F-1C6B-442F-B118-4E486BA36325}"
EndProject
Project("{FAE04EC0-301F-11D3-BF4B-00C04F79EFBC}") = "controllers", "ClassLibrary2\controllers.csproj", "{D5BDDEA3-19E9-49A8-A791-7408C149AF4D}"
EndProject
Global
	GlobalSection(SolutionConfigurationPlatforms) = preSolution
		Debug|Any CPU = Debug|Any CPU
		Release|Any CPU = Release|Any CPU
	EndGlobalSection
	GlobalSection(ProjectConfigurationPlatforms) = postSolution
		{83DB07A6-72FE-4300-94C7-2569F82CBD05}.Debug|Any CPU.ActiveCfg = Debug|Any CPU
		{83DB07A6-72FE-4300-94C7-2569F82CBD05}.Debug|Any CPU.Build.0 = Debug|Any CPU
		{83DB07A6-72FE-4300-94C7-2569F82CBD05}.Release|Any CPU.ActiveCfg = Release|Any CPU
		{83DB07A6-72FE-4300-94C7-2569F82CBD05}.Release|Any CPU.Build.0 = Release|Any CPU
		{0603A09F-1C6B-442F-B118-4E486BA36325}.Debug|Any CPU.ActiveCfg = Debug|Any CPU
		{0603A09F-1C6B-442F-B118-4E486BA36325}.Debug|Any CPU.Build.0 = Debug|Any CPU
		{0603A09F-1C6B-442F-B118-4E486BA36325}.Release|Any CPU.ActiveCfg = Release|Any CPU
		{0603A09F-1C6B-442F-B118-4E486BA36325}.Release|Any CPU.Build.0 = Release|Any CPU
		{D5BDDEA3-19E9-49A8-A791-7408C149AF4D}.Debug|Any CPU.ActiveCfg = Debug|Any CPU
		{D5BDDEA3-19E9-49A8-A791-7408C149AF4D}.Debug|Any CPU.Build.0 = Debug|Any CPU
		{D5BDDEA3-19E9-49A8-A791-7408C149AF4D}.Release|Any CPU.ActiveCfg = Release|Any CPU
		{D5BDDEA3-19E9-49A8-A791-7408C149AF4D}.Release|Any CPU.Build.0 = Release|Any CPU
	EndGlobalSection
	GlobalSection(SolutionProperties) = preSolution
		HideSolutionNode = FALSE
	EndGlobalSection
	GlobalSection(ExtensibilityGlobals) = postSolution
		SolutionGuid = {2FCA1FCA-B643-4D74-8B4D-856BA2586EF7}
	EndGlobalSection
EndGlobal
